
Microsoft Visual Studio Solution File, Format Version 12.00
# Visual Studio Version 17
VisualStudioVersion = 17.8.34309.116
MinimumVisualStudioVersion = 10.0.40219.1
Project("{FAE04EC0-301F-11D3-BF4B-00C04F79EFBC}") = "Record_System", "Record_System\Record_System.csproj", "{51840154-6B14-45C9-B81F-341044F618FD}"
EndProject
Global
	GlobalSection(SolutionConfigurationPlatforms) = preSolution
		Debug|Any CPU = Debug|Any CPU
		Release|Any CPU = Release|Any CPU
	EndGlobalSection
	GlobalSection(ProjectConfigurationPlatforms) = postSolution
		{51840154-6B14-45C9-B81F-341044F618FD}.Debug|Any CPU.ActiveCfg = Debug|Any CPU
		{51840154-6B14-45C9-B81F-341044F618FD}.Debug|Any CPU.Build.0 = Debug|Any CPU
		{51840154-6B14-45C9-B81F-341044F618FD}.Release|Any CPU.ActiveCfg = Release|Any CPU
		{51840154-6B14-45C9-B81F-341044F618FD}.Release|Any CPU.Build.0 = Release|Any CPU
	EndGlobalSection
	GlobalSection(SolutionProperties) = preSolution
		HideSolutionNode = FALSE
	EndGlobalSection
	GlobalSection(ExtensibilityGlobals) = postSolution
		SolutionGuid = {78A3A82D-FB58-4C23-B8B5-82238A8AC51B}
	EndGlobalSection
EndGlobal
